
Microsoft Visual Studio Solution File, Format Version 12.00
# Visual Studio Version 16
VisualStudioVersion = 16.0.32602.291
MinimumVisualStudioVersion = 10.0.40219.1
Project("{00D1A9C2-B5F0-4AF3-8072-F6C62B433612}") = "PostCodeDistanceCalculator", "PostCodeDistanceCalculator\PostCodeDistanceCalculator.sqlproj", "{0880A2DE-B9A5-4D63-B43E-6488194D3EF5}"
EndProject
Project("{2150E333-8FDC-42A3-9474-1A3956D46DE8}") = "Solution Items", "Solution Items", "{216D209F-EE72-4B93-B8B2-8E38744C9577}"
	ProjectSection(SolutionItems) = preProject
		README.md = README.md
	EndProjectSection
EndProject
Global
	GlobalSection(SolutionConfigurationPlatforms) = preSolution
		Debug|Any CPU = Debug|Any CPU
		Release|Any CPU = Release|Any CPU
	EndGlobalSection
	GlobalSection(ProjectConfigurationPlatforms) = postSolution
		{0880A2DE-B9A5-4D63-B43E-6488194D3EF5}.Debug|Any CPU.ActiveCfg = Debug|Any CPU
		{0880A2DE-B9A5-4D63-B43E-6488194D3EF5}.Debug|Any CPU.Build.0 = Debug|Any CPU
		{0880A2DE-B9A5-4D63-B43E-6488194D3EF5}.Debug|Any CPU.Deploy.0 = Debug|Any CPU
		{0880A2DE-B9A5-4D63-B43E-6488194D3EF5}.Release|Any CPU.ActiveCfg = Release|Any CPU
		{0880A2DE-B9A5-4D63-B43E-6488194D3EF5}.Release|Any CPU.Build.0 = Release|Any CPU
		{0880A2DE-B9A5-4D63-B43E-6488194D3EF5}.Release|Any CPU.Deploy.0 = Release|Any CPU
	EndGlobalSection
	GlobalSection(SolutionProperties) = preSolution
		HideSolutionNode = FALSE
	EndGlobalSection
	GlobalSection(ExtensibilityGlobals) = postSolution
		SolutionGuid = {063BA884-F3F8-4D00-A42E-57F8A4D14148}
	EndGlobalSection
EndGlobal
